
Microsoft Visual Studio Solution File, Format Version 12.00
# Visual Studio 15
VisualStudioVersion = 15.0.28307.757
MinimumVisualStudioVersion = 10.0.40219.1
Project("{FAE04EC0-301F-11D3-BF4B-00C04F79EFBC}") = "Assignment.UserPreference.Api", "Assignment.UserPreference.Api\Assignment.UserPreference.Api.csproj", "{B7958410-2671-4C64-B49A-F8C48CEF4F1C}"
EndProject
Project("{FAE04EC0-301F-11D3-BF4B-00C04F79EFBC}") = "Assignment.UserPreference.DataAccess", "Assignment.UserPreference.DataAccess\Assignment.UserPreference.DataAccess.csproj", "{2735D583-577C-40BC-8DCC-97439716F570}"
EndProject
Global
	GlobalSection(SolutionConfigurationPlatforms) = preSolution
		Debug|Any CPU = Debug|Any CPU
		Release|Any CPU = Release|Any CPU
	EndGlobalSection
	GlobalSection(ProjectConfigurationPlatforms) = postSolution
		{B7958410-2671-4C64-B49A-F8C48CEF4F1C}.Debug|Any CPU.ActiveCfg = Debug|Any CPU
		{B7958410-2671-4C64-B49A-F8C48CEF4F1C}.Debug|Any CPU.Build.0 = Debug|Any CPU
		{B7958410-2671-4C64-B49A-F8C48CEF4F1C}.Release|Any CPU.ActiveCfg = Release|Any CPU
		{B7958410-2671-4C64-B49A-F8C48CEF4F1C}.Release|Any CPU.Build.0 = Release|Any CPU
		{2735D583-577C-40BC-8DCC-97439716F570}.Debug|Any CPU.ActiveCfg = Debug|Any CPU
		{2735D583-577C-40BC-8DCC-97439716F570}.Debug|Any CPU.Build.0 = Debug|Any CPU
		{2735D583-577C-40BC-8DCC-97439716F570}.Release|Any CPU.ActiveCfg = Release|Any CPU
		{2735D583-577C-40BC-8DCC-97439716F570}.Release|Any CPU.Build.0 = Release|Any CPU
	EndGlobalSection
	GlobalSection(SolutionProperties) = preSolution
		HideSolutionNode = FALSE
	EndGlobalSection
	GlobalSection(ExtensibilityGlobals) = postSolution
		SolutionGuid = {9E8B457A-35ED-40DB-B4DA-D7AE850AC524}
	EndGlobalSection
EndGlobal
